
Microsoft Visual Studio Solution File, Format Version 12.00
# Visual Studio Version 17
VisualStudioVersion = 17.9.34616.47
MinimumVisualStudioVersion = 10.0.40219.1
Project("{FAE04EC0-301F-11D3-BF4B-00C04F79EFBC}") = "CouponAPI", "CouponAPI\CouponAPI.csproj", "{77AC1583-A7DF-49A5-9A25-B082295789A5}"
EndProject
Global
	GlobalSection(SolutionConfigurationPlatforms) = preSolution
		Debug|Any CPU = Debug|Any CPU
		Release|Any CPU = Release|Any CPU
	EndGlobalSection
	GlobalSection(ProjectConfigurationPlatforms) = postSolution
		{77AC1583-A7DF-49A5-9A25-B082295789A5}.Debug|Any CPU.ActiveCfg = Debug|Any CPU
		{77AC1583-A7DF-49A5-9A25-B082295789A5}.Debug|Any CPU.Build.0 = Debug|Any CPU
		{77AC1583-A7DF-49A5-9A25-B082295789A5}.Release|Any CPU.ActiveCfg = Release|Any CPU
		{77AC1583-A7DF-49A5-9A25-B082295789A5}.Release|Any CPU.Build.0 = Release|Any CPU
	EndGlobalSection
	GlobalSection(SolutionProperties) = preSolution
		HideSolutionNode = FALSE
	EndGlobalSection
	GlobalSection(ExtensibilityGlobals) = postSolution
		SolutionGuid = {57C5AA22-E540-4426-BDEC-C07D55B20FF4}
	EndGlobalSection
EndGlobal
